
Microsoft Visual Studio Solution File, Format Version 12.00
# Visual Studio 15
VisualStudioVersion = 15.0.28307.329
MinimumVisualStudioVersion = 10.0.40219.1
Project("{2150E333-8FDC-42A3-9474-1A3956D46DE8}") = "src", "src", "{1F652A33-F7E3-48B2-8F58-75D8BCE569B5}"
EndProject
Project("{2150E333-8FDC-42A3-9474-1A3956D46DE8}") = "tests", "tests", "{0D7E07AA-B366-48F8-8E8F-B0E9C3757888}"
EndProject
Project("{9A19103F-16F7-4668-BE54-9A1E7A4F7556}") = "TupacAmaru.Yacep", "src\TupacAmaru.Yacep\TupacAmaru.Yacep.csproj", "{B3531B04-EF62-4408-A856-821C6C50AE60}"
EndProject
Project("{9A19103F-16F7-4668-BE54-9A1E7A4F7556}") = "TupacAmaru.Yacep.Test", "tests\TupacAmaru.Yacep.Test\TupacAmaru.Yacep.Test.csproj", "{BC23D4DB-9C0C-4088-AAFD-C62BAD9A6A44}"
EndProject
Project("{9A19103F-16F7-4668-BE54-9A1E7A4F7556}") = "TupacAmaru.Yacep.Benchmark", "tests\TupacAmaru.Yacep.Benchmark\TupacAmaru.Yacep.Benchmark.csproj", "{55C89D1F-E076-4D73-B443-DC95F1FDBDDC}"
EndProject
Project("{2150E333-8FDC-42A3-9474-1A3956D46DE8}") = "samples", "samples", "{D95AFD31-E3A9-4B0E-AE98-702ED503E464}"
EndProject
Project("{FAE04EC0-301F-11D3-BF4B-00C04F79EFBC}") = "WebSample", "samples\WebSample\WebSample.csproj", "{0DD0C04F-6AB3-460B-B7CC-DF19FF65BAAD}"
EndProject
Global
	GlobalSection(SolutionConfigurationPlatforms) = preSolution
		Debug|Any CPU = Debug|Any CPU
		Release|Any CPU = Release|Any CPU
	EndGlobalSection
	GlobalSection(ProjectConfigurationPlatforms) = postSolution
		{B3531B04-EF62-4408-A856-821C6C50AE60}.Debug|Any CPU.ActiveCfg = Debug|Any CPU
		{B3531B04-EF62-4408-A856-821C6C50AE60}.Debug|Any CPU.Build.0 = Debug|Any CPU
		{B3531B04-EF62-4408-A856-821C6C50AE60}.Release|Any CPU.ActiveCfg = Release|Any CPU
		{B3531B04-EF62-4408-A856-821C6C50AE60}.Release|Any CPU.Build.0 = Release|Any CPU
		{BC23D4DB-9C0C-4088-AAFD-C62BAD9A6A44}.Debug|Any CPU.ActiveCfg = Debug|Any CPU
		{BC23D4DB-9C0C-4088-AAFD-C62BAD9A6A44}.Debug|Any CPU.Build.0 = Debug|Any CPU
		{BC23D4DB-9C0C-4088-AAFD-C62BAD9A6A44}.Release|Any CPU.ActiveCfg = Release|Any CPU
		{BC23D4DB-9C0C-4088-AAFD-C62BAD9A6A44}.Release|Any CPU.Build.0 = Release|Any CPU
		{55C89D1F-E076-4D73-B443-DC95F1FDBDDC}.Debug|Any CPU.ActiveCfg = Debug|Any CPU
		{55C89D1F-E076-4D73-B443-DC95F1FDBDDC}.Debug|Any CPU.Build.0 = Debug|Any CPU
		{55C89D1F-E076-4D73-B443-DC95F1FDBDDC}.Release|Any CPU.ActiveCfg = Release|Any CPU
		{55C89D1F-E076-4D73-B443-DC95F1FDBDDC}.Release|Any CPU.Build.0 = Release|Any CPU
		{0DD0C04F-6AB3-460B-B7CC-DF19FF65BAAD}.Debug|Any CPU.ActiveCfg = Debug|Any CPU
		{0DD0C04F-6AB3-460B-B7CC-DF19FF65BAAD}.Debug|Any CPU.Build.0 = Debug|Any CPU
		{0DD0C04F-6AB3-460B-B7CC-DF19FF65BAAD}.Release|Any CPU.ActiveCfg = Release|Any CPU
		{0DD0C04F-6AB3-460B-B7CC-DF19FF65BAAD}.Release|Any CPU.Build.0 = Release|Any CPU
	EndGlobalSection
	GlobalSection(SolutionProperties) = preSolution
		HideSolutionNode = FALSE
	EndGlobalSection
	GlobalSection(NestedProjects) = preSolution
		{B3531B04-EF62-4408-A856-821C6C50AE60} = {1F652A33-F7E3-48B2-8F58-75D8BCE569B5}
		{BC23D4DB-9C0C-4088-AAFD-C62BAD9A6A44} = {0D7E07AA-B366-48F8-8E8F-B0E9C3757888}
		{55C89D1F-E076-4D73-B443-DC95F1FDBDDC} = {0D7E07AA-B366-48F8-8E8F-B0E9C3757888}
		{0DD0C04F-6AB3-460B-B7CC-DF19FF65BAAD} = {D95AFD31-E3A9-4B0E-AE98-702ED503E464}
	EndGlobalSection
	GlobalSection(ExtensibilityGlobals) = postSolution
		SolutionGuid = {579286CD-55CC-4E9D-A7EB-2A6B85EBD9F4}
	EndGlobalSection
EndGlobal
